
Microsoft Visual Studio Solution File, Format Version 12.00
# Visual Studio Version 16
VisualStudioVersion = 16.0.30011.22
MinimumVisualStudioVersion = 10.0.40219.1
Project("{FAE04EC0-301F-11D3-BF4B-00C04F79EFBC}") = "API_CRUD", "API_CRUD\API_CRUD.csproj", "{74940FDF-EEAE-45D1-BB51-3FB6D5356F0B}"
EndProject
Global
	GlobalSection(SolutionConfigurationPlatforms) = preSolution
		Debug|Any CPU = Debug|Any CPU
		Release|Any CPU = Release|Any CPU
	EndGlobalSection
	GlobalSection(ProjectConfigurationPlatforms) = postSolution
		{74940FDF-EEAE-45D1-BB51-3FB6D5356F0B}.Debug|Any CPU.ActiveCfg = Debug|Any CPU
		{74940FDF-EEAE-45D1-BB51-3FB6D5356F0B}.Debug|Any CPU.Build.0 = Debug|Any CPU
		{74940FDF-EEAE-45D1-BB51-3FB6D5356F0B}.Release|Any CPU.ActiveCfg = Release|Any CPU
		{74940FDF-EEAE-45D1-BB51-3FB6D5356F0B}.Release|Any CPU.Build.0 = Release|Any CPU
	EndGlobalSection
	GlobalSection(SolutionProperties) = preSolution
		HideSolutionNode = FALSE
	EndGlobalSection
	GlobalSection(ExtensibilityGlobals) = postSolution
		SolutionGuid = {9435DBF8-4DB2-44F4-8ED0-044B15CAACCB}
	EndGlobalSection
EndGlobal
